
Microsoft Visual Studio Solution File, Format Version 12.00
# Visual Studio 15
VisualStudioVersion = 15.0.27130.2027
MinimumVisualStudioVersion = 10.0.40219.1
Project("{FAE04EC0-301F-11D3-BF4B-00C04F79EFBC}") = "AspNetCoreBase", "AspNetCoreBase\AspNetCoreBase.csproj", "{33680BA8-A22A-4F3B-8844-9F6CB36C43DC}"
EndProject
Global
	GlobalSection(SolutionConfigurationPlatforms) = preSolution
		Debug|Any CPU = Debug|Any CPU
		Release|Any CPU = Release|Any CPU
	EndGlobalSection
	GlobalSection(ProjectConfigurationPlatforms) = postSolution
		{33680BA8-A22A-4F3B-8844-9F6CB36C43DC}.Debug|Any CPU.ActiveCfg = Debug|Any CPU
		{33680BA8-A22A-4F3B-8844-9F6CB36C43DC}.Debug|Any CPU.Build.0 = Debug|Any CPU
		{33680BA8-A22A-4F3B-8844-9F6CB36C43DC}.Release|Any CPU.ActiveCfg = Release|Any CPU
		{33680BA8-A22A-4F3B-8844-9F6CB36C43DC}.Release|Any CPU.Build.0 = Release|Any CPU
	EndGlobalSection
	GlobalSection(SolutionProperties) = preSolution
		HideSolutionNode = FALSE
	EndGlobalSection
	GlobalSection(ExtensibilityGlobals) = postSolution
		SolutionGuid = {9C8DEA33-665D-4647-8A81-20280D9E2898}
	EndGlobalSection
EndGlobal
